
Microsoft Visual Studio Solution File, Format Version 12.00
# Visual Studio Version 16
VisualStudioVersion = 16.0.29709.97
MinimumVisualStudioVersion = 10.0.40219.1
Project("{FAE04EC0-301F-11D3-BF4B-00C04F79EFBC}") = "PathwayGames.Android", "src\PathwayGames.Android\PathwayGames.Android.csproj", "{F30468B9-E94E-457D-81AC-0FEE055367EB}"
EndProject
Project("{FAE04EC0-301F-11D3-BF4B-00C04F79EFBC}") = "PathwayGames.iOS", "src\PathwayGames.iOS\PathwayGames.iOS.csproj", "{CDB86C95-02CE-48F4-A562-93AFB0E13981}"
EndProject
Project("{9A19103F-16F7-4668-BE54-9A1E7A4F7556}") = "PathwayGames", "src\PathwayGames\PathwayGames.csproj", "{C7B22B4E-DBED-4500-AB10-B854F0CFEA77}"
EndProject
Global
	GlobalSection(SolutionConfigurationPlatforms) = preSolution
		Ad-Hoc|Any CPU = Ad-Hoc|Any CPU
		Ad-Hoc|iPhone = Ad-Hoc|iPhone
		Ad-Hoc|iPhoneSimulator = Ad-Hoc|iPhoneSimulator
		AppStore|Any CPU = AppStore|Any CPU
		AppStore|iPhone = AppStore|iPhone
		AppStore|iPhoneSimulator = AppStore|iPhoneSimulator
		Debug|Any CPU = Debug|Any CPU
		Debug|iPhone = Debug|iPhone
		Debug|iPhoneSimulator = Debug|iPhoneSimulator
		Release|Any CPU = Release|Any CPU
		Release|iPhone = Release|iPhone
		Release|iPhoneSimulator = Release|iPhoneSimulator
	EndGlobalSection
	GlobalSection(ProjectConfigurationPlatforms) = postSolution
		{F30468B9-E94E-457D-81AC-0FEE055367EB}.Ad-Hoc|Any CPU.ActiveCfg = Release|Any CPU
		{F30468B9-E94E-457D-81AC-0FEE055367EB}.Ad-Hoc|Any CPU.Build.0 = Release|Any CPU
		{F30468B9-E94E-457D-81AC-0FEE055367EB}.Ad-Hoc|Any CPU.Deploy.0 = Release|Any CPU
		{F30468B9-E94E-457D-81AC-0FEE055367EB}.Ad-Hoc|iPhone.ActiveCfg = Release|Any CPU
		{F30468B9-E94E-457D-81AC-0FEE055367EB}.Ad-Hoc|iPhone.Build.0 = Release|Any CPU
		{F30468B9-E94E-457D-81AC-0FEE055367EB}.Ad-Hoc|iPhone.Deploy.0 = Release|Any CPU
		{F30468B9-E94E-457D-81AC-0FEE055367EB}.Ad-Hoc|iPhoneSimulator.ActiveCfg = Release|Any CPU
		{F30468B9-E94E-457D-81AC-0FEE055367EB}.Ad-Hoc|iPhoneSimulator.Build.0 = Release|Any CPU
		{F30468B9-E94E-457D-81AC-0FEE055367EB}.Ad-Hoc|iPhoneSimulator.Deploy.0 = Release|Any CPU
		{F30468B9-E94E-457D-81AC-0FEE055367EB}.AppStore|Any CPU.ActiveCfg = Release|Any CPU
		{F30468B9-E94E-457D-81AC-0FEE055367EB}.AppStore|Any CPU.Build.0 = Release|Any CPU
		{F30468B9-E94E-457D-81AC-0FEE055367EB}.AppStore|Any CPU.Deploy.0 = Release|Any CPU
		{F30468B9-E94E-457D-81AC-0FEE055367EB}.AppStore|iPhone.ActiveCfg = Release|Any CPU
		{F30468B9-E94E-457D-81AC-0FEE055367EB}.AppStore|iPhone.Build.0 = Release|Any CPU
		{F30468B9-E94E-457D-81AC-0FEE055367EB}.AppStore|iPhone.Deploy.0 = Release|Any CPU
		{F30468B9-E94E-457D-81AC-0FEE055367EB}.AppStore|iPhoneSimulator.ActiveCfg = Release|Any CPU
		{F30468B9-E94E-457D-81AC-0FEE055367EB}.AppStore|iPhoneSimulator.Build.0 = Release|Any CPU
		{F30468B9-E94E-457D-81AC-0FEE055367EB}.AppStore|iPhoneSimulator.Deploy.0 = Release|Any CPU
		{F30468B9-E94E-457D-81AC-0FEE055367EB}.Debug|Any CPU.ActiveCfg = Debug|Any CPU
		{F30468B9-E94E-457D-81AC-0FEE055367EB}.Debug|Any CPU.Build.0 = Debug|Any CPU
		{F30468B9-E94E-457D-81AC-0FEE055367EB}.Debug|Any CPU.Deploy.0 = Debug|Any CPU
		{F30468B9-E94E-457D-81AC-0FEE055367EB}.Debug|iPhone.ActiveCfg = Debug|Any CPU
		{F30468B9-E94E-457D-81AC-0FEE055367EB}.Debug|iPhone.Build.0 = Debug|Any CPU
		{F30468B9-E94E-457D-81AC-0FEE055367EB}.Debug|iPhone.Deploy.0 = Debug|Any CPU
		{F30468B9-E94E-457D-81AC-0FEE055367EB}.Debug|iPhoneSimulator.ActiveCfg = Debug|Any CPU
		{F30468B9-E94E-457D-81AC-0FEE055367EB}.Debug|iPhoneSimulator.Build.0 = Debug|Any CPU
		{F30468B9-E94E-457D-81AC-0FEE055367EB}.Debug|iPhoneSimulator.Deploy.0 = Debug|Any CPU
		{F30468B9-E94E-457D-81AC-0FEE055367EB}.Release|Any CPU.ActiveCfg = Release|Any CPU
		{F30468B9-E94E-457D-81AC-0FEE055367EB}.Release|Any CPU.Build.0 = Release|Any CPU
		{F30468B9-E94E-457D-81AC-0FEE055367EB}.Release|Any CPU.Deploy.0 = Release|Any CPU
		{F30468B9-E94E-457D-81AC-0FEE055367EB}.Release|iPhone.ActiveCfg = Release|Any CPU
		{F30468B9-E94E-457D-81AC-0FEE055367EB}.Release|iPhone.Build.0 = Release|Any CPU
		{F30468B9-E94E-457D-81AC-0FEE055367EB}.Release|iPhone.Deploy.0 = Release|Any CPU
		{F30468B9-E94E-457D-81AC-0FEE055367EB}.Release|iPhoneSimulator.ActiveCfg = Release|Any CPU
		{F30468B9-E94E-457D-81AC-0FEE055367EB}.Release|iPhoneSimulator.Build.0 = Release|Any CPU
		{F30468B9-E94E-457D-81AC-0FEE055367EB}.Release|iPhoneSimulator.Deploy.0 = Release|Any CPU
		{CDB86C95-02CE-48F4-A562-93AFB0E13981}.Ad-Hoc|Any CPU.ActiveCfg = Ad-Hoc|iPhone
		{CDB86C95-02CE-48F4-A562-93AFB0E13981}.Ad-Hoc|Any CPU.Build.0 = Ad-Hoc|iPhone
		{CDB86C95-02CE-48F4-A562-93AFB0E13981}.Ad-Hoc|Any CPU.Deploy.0 = Ad-Hoc|iPhone
		{CDB86C95-02CE-48F4-A562-93AFB0E13981}.Ad-Hoc|iPhone.ActiveCfg = Ad-Hoc|iPhone
		{CDB86C95-02CE-48F4-A562-93AFB0E13981}.Ad-Hoc|iPhone.Build.0 = Ad-Hoc|iPhone
		{CDB86C95-02CE-48F4-A562-93AFB0E13981}.Ad-Hoc|iPhone.Deploy.0 = Ad-Hoc|iPhone
		{CDB86C95-02CE-48F4-A562-93AFB0E13981}.Ad-Hoc|iPhoneSimulator.ActiveCfg = Ad-Hoc|iPhoneSimulator
		{CDB86C95-02CE-48F4-A562-93AFB0E13981}.Ad-Hoc|iPhoneSimulator.Build.0 = Ad-Hoc|iPhoneSimulator
		{CDB86C95-02CE-48F4-A562-93AFB0E13981}.Ad-Hoc|iPhoneSimulator.Deploy.0 = Ad-Hoc|iPhoneSimulator
		{CDB86C95-02CE-48F4-A562-93AFB0E13981}.AppStore|Any CPU.ActiveCfg = AppStore|iPhone
		{CDB86C95-02CE-48F4-A562-93AFB0E13981}.AppStore|Any CPU.Build.0 = AppStore|iPhone
		{CDB86C95-02CE-48F4-A562-93AFB0E13981}.AppStore|Any CPU.Deploy.0 = AppStore|iPhone
		{CDB86C95-02CE-48F4-A562-93AFB0E13981}.AppStore|iPhone.ActiveCfg = AppStore|iPhone
		{CDB86C95-02CE-48F4-A562-93AFB0E13981}.AppStore|iPhone.Build.0 = AppStore|iPhone
		{CDB86C95-02CE-48F4-A562-93AFB0E13981}.AppStore|iPhone.Deploy.0 = AppStore|iPhone
		{CDB86C95-02CE-48F4-A562-93AFB0E13981}.AppStore|iPhoneSimulator.ActiveCfg = AppStore|iPhoneSimulator
		{CDB86C95-02CE-48F4-A562-93AFB0E13981}.AppStore|iPhoneSimulator.Build.0 = AppStore|iPhoneSimulator
		{CDB86C95-02CE-48F4-A562-93AFB0E13981}.AppStore|iPhoneSimulator.Deploy.0 = AppStore|iPhoneSimulator
		{CDB86C95-02CE-48F4-A562-93AFB0E13981}.Debug|Any CPU.ActiveCfg = Debug|iPhone
		{CDB86C95-02CE-48F4-A562-93AFB0E13981}.Debug|Any CPU.Build.0 = Debug|iPhone
		{CDB86C95-02CE-48F4-A562-93AFB0E13981}.Debug|Any CPU.Deploy.0 = Debug|iPhone
		{CDB86C95-02CE-48F4-A562-93AFB0E13981}.Debug|iPhone.ActiveCfg = Debug|iPhone
		{CDB86C95-02CE-48F4-A562-93AFB0E13981}.Debug|iPhone.Build.0 = Debug|iPhone
		{CDB86C95-02CE-48F4-A562-93AFB0E13981}.Debug|iPhone.Deploy.0 = Debug|iPhone
		{CDB86C95-02CE-48F4-A562-93AFB0E13981}.Debug|iPhoneSimulator.ActiveCfg = Debug|iPhoneSimulator
		{CDB86C95-02CE-48F4-A562-93AFB0E13981}.Debug|iPhoneSimulator.Build.0 = Debug|iPhoneSimulator
		{CDB86C95-02CE-48F4-A562-93AFB0E13981}.Debug|iPhoneSimulator.Deploy.0 = Debug|iPhoneSimulator
		{CDB86C95-02CE-48F4-A562-93AFB0E13981}.Release|Any CPU.ActiveCfg = Release|iPhone
		{CDB86C95-02CE-48F4-A562-93AFB0E13981}.Release|Any CPU.Build.0 = Release|iPhone
		{CDB86C95-02CE-48F4-A562-93AFB0E13981}.Release|Any CPU.Deploy.0 = Release|iPhone
		{CDB86C95-02CE-48F4-A562-93AFB0E13981}.Release|iPhone.ActiveCfg = Release|iPhone
		{CDB86C95-02CE-48F4-A562-93AFB0E13981}.Release|iPhone.Build.0 = Release|iPhone
		{CDB86C95-02CE-48F4-A562-93AFB0E13981}.Release|iPhone.Deploy.0 = Release|iPhone
		{CDB86C95-02CE-48F4-A562-93AFB0E13981}.Release|iPhoneSimulator.ActiveCfg = Release|iPhoneSimulator
		{CDB86C95-02CE-48F4-A562-93AFB0E13981}.Release|iPhoneSimulator.Build.0 = Release|iPhoneSimulator
		{CDB86C95-02CE-48F4-A562-93AFB0E13981}.Release|iPhoneSimulator.Deploy.0 = Release|iPhoneSimulator
		{C7B22B4E-DBED-4500-AB10-B854F0CFEA77}.Ad-Hoc|Any CPU.ActiveCfg = Debug|Any CPU
		{C7B22B4E-DBED-4500-AB10-B854F0CFEA77}.Ad-Hoc|Any CPU.Build.0 = Debug|Any CPU
		{C7B22B4E-DBED-4500-AB10-B854F0CFEA77}.Ad-Hoc|Any CPU.Deploy.0 = Debug|Any CPU
		{C7B22B4E-DBED-4500-AB10-B854F0CFEA77}.Ad-Hoc|iPhone.ActiveCfg = Debug|Any CPU
		{C7B22B4E-DBED-4500-AB10-B854F0CFEA77}.Ad-Hoc|iPhone.Build.0 = Debug|Any CPU
		{C7B22B4E-DBED-4500-AB10-B854F0CFEA77}.Ad-Hoc|iPhone.Deploy.0 = Debug|Any CPU
		{C7B22B4E-DBED-4500-AB10-B854F0CFEA77}.Ad-Hoc|iPhoneSimulator.ActiveCfg = Debug|Any CPU
		{C7B22B4E-DBED-4500-AB10-B854F0CFEA77}.Ad-Hoc|iPhoneSimulator.Build.0 = Debug|Any CPU
		{C7B22B4E-DBED-4500-AB10-B854F0CFEA77}.Ad-Hoc|iPhoneSimulator.Deploy.0 = Debug|Any CPU
		{C7B22B4E-DBED-4500-AB10-B854F0CFEA77}.AppStore|Any CPU.ActiveCfg = Debug|Any CPU
		{C7B22B4E-DBED-4500-AB10-B854F0CFEA77}.AppStore|Any CPU.Build.0 = Debug|Any CPU
		{C7B22B4E-DBED-4500-AB10-B854F0CFEA77}.AppStore|Any CPU.Deploy.0 = Debug|Any CPU
		{C7B22B4E-DBED-4500-AB10-B854F0CFEA77}.AppStore|iPhone.ActiveCfg = Debug|Any CPU
		{C7B22B4E-DBED-4500-AB10-B854F0CFEA77}.AppStore|iPhone.Build.0 = Debug|Any CPU
		{C7B22B4E-DBED-4500-AB10-B854F0CFEA77}.AppStore|iPhone.Deploy.0 = Debug|Any CPU
		{C7B22B4E-DBED-4500-AB10-B854F0CFEA77}.AppStore|iPhoneSimulator.ActiveCfg = Debug|Any CPU
		{C7B22B4E-DBED-4500-AB10-B854F0CFEA77}.AppStore|iPhoneSimulator.Build.0 = Debug|Any CPU
		{C7B22B4E-DBED-4500-AB10-B854F0CFEA77}.AppStore|iPhoneSimulator.Deploy.0 = Debug|Any CPU
		{C7B22B4E-DBED-4500-AB10-B854F0CFEA77}.Debug|Any CPU.ActiveCfg = Debug|Any CPU
		{C7B22B4E-DBED-4500-AB10-B854F0CFEA77}.Debug|Any CPU.Build.0 = Debug|Any CPU
		{C7B22B4E-DBED-4500-AB10-B854F0CFEA77}.Debug|Any CPU.Deploy.0 = Debug|Any CPU
		{C7B22B4E-DBED-4500-AB10-B854F0CFEA77}.Debug|iPhone.ActiveCfg = Debug|Any CPU
		{C7B22B4E-DBED-4500-AB10-B854F0CFEA77}.Debug|iPhone.Build.0 = Debug|Any CPU
		{C7B22B4E-DBED-4500-AB10-B854F0CFEA77}.Debug|iPhone.Deploy.0 = Debug|Any CPU
		{C7B22B4E-DBED-4500-AB10-B854F0CFEA77}.Debug|iPhoneSimulator.ActiveCfg = Debug|Any CPU
		{C7B22B4E-DBED-4500-AB10-B854F0CFEA77}.Debug|iPhoneSimulator.Build.0 = Debug|Any CPU
		{C7B22B4E-DBED-4500-AB10-B854F0CFEA77}.Debug|iPhoneSimulator.Deploy.0 = Debug|Any CPU
		{C7B22B4E-DBED-4500-AB10-B854F0CFEA77}.Release|Any CPU.ActiveCfg = Release|Any CPU
		{C7B22B4E-DBED-4500-AB10-B854F0CFEA77}.Release|Any CPU.Build.0 = Release|Any CPU
		{C7B22B4E-DBED-4500-AB10-B854F0CFEA77}.Release|Any CPU.Deploy.0 = Release|Any CPU
		{C7B22B4E-DBED-4500-AB10-B854F0CFEA77}.Release|iPhone.ActiveCfg = Release|Any CPU
		{C7B22B4E-DBED-4500-AB10-B854F0CFEA77}.Release|iPhone.Build.0 = Release|Any CPU
		{C7B22B4E-DBED-4500-AB10-B854F0CFEA77}.Release|iPhone.Deploy.0 = Release|Any CPU
		{C7B22B4E-DBED-4500-AB10-B854F0CFEA77}.Release|iPhoneSimulator.ActiveCfg = Release|Any CPU
		{C7B22B4E-DBED-4500-AB10-B854F0CFEA77}.Release|iPhoneSimulator.Build.0 = Release|Any CPU
		{C7B22B4E-DBED-4500-AB10-B854F0CFEA77}.Release|iPhoneSimulator.Deploy.0 = Release|Any CPU
	EndGlobalSection
	GlobalSection(SolutionProperties) = preSolution
		HideSolutionNode = FALSE
	EndGlobalSection
	GlobalSection(ExtensibilityGlobals) = postSolution
		SolutionGuid = {78F6068E-90F2-49AC-9578-1CC6A2BE30A9}
	EndGlobalSection
EndGlobal
